
Microsoft Visual Studio Solution File, Format Version 12.00
# Visual Studio Version 17
VisualStudioVersion = 17.7.34024.191
MinimumVisualStudioVersion = 10.0.40219.1
Project("{FAE04EC0-301F-11D3-BF4B-00C04F79EFBC}") = "Camera_capture", "Camera_capture\Camera_capture.csproj", "{C79D2F30-578A-4C9B-B89C-EF88C01779B8}"
EndProject
Global
	GlobalSection(SolutionConfigurationPlatforms) = preSolution
		Debug|Any CPU = Debug|Any CPU
		Release|Any CPU = Release|Any CPU
	EndGlobalSection
	GlobalSection(ProjectConfigurationPlatforms) = postSolution
		{C79D2F30-578A-4C9B-B89C-EF88C01779B8}.Debug|Any CPU.ActiveCfg = Debug|Any CPU
		{C79D2F30-578A-4C9B-B89C-EF88C01779B8}.Debug|Any CPU.Build.0 = Debug|Any CPU
		{C79D2F30-578A-4C9B-B89C-EF88C01779B8}.Release|Any CPU.ActiveCfg = Release|Any CPU
		{C79D2F30-578A-4C9B-B89C-EF88C01779B8}.Release|Any CPU.Build.0 = Release|Any CPU
	EndGlobalSection
	GlobalSection(SolutionProperties) = preSolution
		HideSolutionNode = FALSE
	EndGlobalSection
	GlobalSection(ExtensibilityGlobals) = postSolution
		SolutionGuid = {1C1A24CC-297C-47CF-9330-8C5AD3C46C7A}
	EndGlobalSection
EndGlobal
